{
    "_meta": {
        "hash": {
            "sha256": "73e1a8dcd1d6884d9466746c092d9c10dc88ef86bcbf449a8301500f7da4ad98"
        },
        "pipfile-spec": 6,
        "requires": {
            "python_version": "3"
        },
        "sources": [
            {
                "name": "pypi",
                "url": "https://pypi.org/simple",
                "verify_ssl": true
            }
        ]
    },
    "default": {
        "pydicom": {
            "hashes": [
                "sha256:1490b78152f275daa3058ae661a5dc720d8e99d17ab7dd62862beb5e87a200e2",
                "sha256:881fe64316f1dbc137afec73df621a2ffa8b288b3ceb3cc639e75603cd38244e"
            ],
            "index": "pypi",
            "version": "==1.4.1"
        },
        "pynetdicom": {
            "hashes": [
                "sha256:2227edfbfbf0a48ccccf264102df2677e0f56489372e1ca2c85655cf6472280b",
                "sha256:552f68892c9de7215b878e292914e625703775e98a400279dc6c392acafec9df"
            ],
            "index": "pypi",
            "version": "==1.4.1"
        },
        "robotframework": {
            "hashes": [
                "sha256:cc4b04f711677c94c7d1e30ef1e5cdd50c0b731f8038d6214379c3def183c7f0",
                "sha256:f10dd7c0c8c7962a4f80dd1e026b5db731b9391bc6e1f9ebb96d685eb1230dbc"
            ],
            "index": "pypi",
            "version": "==3.1.2"
        }
    },
    "develop": {}
}
