{
    "_meta": {
        "hash": {
            "sha256": "73e1a8dcd1d6884d9466746c092d9c10dc88ef86bcbf449a8301500f7da4ad98"
        },
        "pipfile-spec": 6,
        "requires": {
            "python_version": "3"
        },
        "sources": [
            {
                "name": "pypi",
                "url": "https://pypi.org/simple",
                "verify_ssl": true
            }
        ]
    },
    "default": {
        "pydicom": {
            "hashes": [
                "sha256:35a594cc8ebae8dd40b1f632cd7c9f08ecaa147cb9305a9f9fbca2c03f5ccc93",
                "sha256:ba2077bd76cb49e05fe51c3e1e0b2d77218f50c6c231120b443d29b38ea6b7a8"
            ],
            "index": "pypi",
            "markers": "python_version >= '3.10'",
            "version": "==2.4.5"
        },
        "pynetdicom": {
            "hashes": [
                "sha256:2227edfbfbf0a48ccccf264102df2677e0f56489372e1ca2c85655cf6472280b",
                "sha256:552f68892c9de7215b878e292914e625703775e98a400279dc6c392acafec9df"
            ],
            "index": "pypi",
            "version": "==1.4.1"
        },
        "robotframework": {
            "hashes": [
                "sha256:cc4b04f711677c94c7d1e30ef1e5cdd50c0b731f8038d6214379c3def183c7f0",
                "sha256:f10dd7c0c8c7962a4f80dd1e026b5db731b9391bc6e1f9ebb96d685eb1230dbc"
            ],
            "index": "pypi",
            "version": "==3.1.2"
        }
    },
    "develop": {}
}
