{"1.2.0",
[{<<"cowboy">>,{pkg,<<"cowboy">>,<<"2.7.0">>},0},
 {<<"cowlib">>,{pkg,<<"cowlib">>,<<"2.8.0">>},1},
 {<<"jiffy">>,{pkg,<<"jiffy">>,<<"1.0.5">>},0},
 {<<"ranch">>,{pkg,<<"ranch">>,<<"1.7.1">>},0},
 {<<"recon">>,{pkg,<<"recon">>,<<"2.5.0">>},0}]}.
[
{pkg_hash,[
 {<<"cowboy">>, <<"91ED100138A764355F43316B1D23D7FF6BDB0DE4EA618CB5D8677C93A7A2F115">>},
 {<<"cowlib">>, <<"FD0FF1787DB84AC415B8211573E9A30A3EBE71B5CBFF7F720089972B2319C8A4">>},
 {<<"jiffy">>, <<"A69B58FAF7123534C20E1B0B7AE97AC52079CA02ED4B6989B4B380179CD63A54">>},
 {<<"ranch">>, <<"6B1FAB51B49196860B733A49C07604465A47BDB78AA10C1C16A3D199F7F8C881">>},
 {<<"recon">>, <<"2F7FCBEC2C35034BADE2F9717F77059DC54EB4E929A3049CA7BA6775C0BD66CD">>}]},
{pkg_hash_ext,[
 {<<"cowboy">>, <<"04FD8C6A39EDC6AAA9C26123009200FC61F92A3A94F3178C527B70B767C6E605">>},
 {<<"cowlib">>, <<"79F954A7021B302186A950A32869DBC185523D99D3E44CE430CD1F3289F41ED4">>},
 {<<"jiffy">>, <<"B617A53F46AE84F20D0C38951367DC947A2CF8CFF922AA5C6AC6B64B8B052289">>},
 {<<"ranch">>, <<"451D8527787DF716D99DC36162FCA05934915DB0B6141BBDAC2EA8D3C7AFC7D7">>},
 {<<"recon">>, <<"72F3840FEDD94F06315C523F6CECF5B4827233BED7AE3FE135B2A0EBEAB5E196">>}]}
].
