{"1.2.0",
[{<<"poolboy">>,{pkg,<<"poolboy">>,<<"1.5.2">>},1},
 {<<"ranch">>,{pkg,<<"ranch">>,<<"1.7.1">>},0},
 {<<"recon">>,{pkg,<<"recon">>,<<"2.5.0">>},0},
 {<<"riak_core">>,{pkg,<<"riak_core_lite">>,<<"0.10.4">>},0},
 {<<"riak_core_lite_util">>,{pkg,<<"riak_core_lite_util">>,<<"0.1.2">>},0}]}.
[
{pkg_hash,[
 {<<"poolboy">>, <<"392B007A1693A64540CEAD79830443ABF5762F5D30CF50BC95CB2C1AAAFA006B">>},
 {<<"ranch">>, <<"6B1FAB51B49196860B733A49C07604465A47BDB78AA10C1C16A3D199F7F8C881">>},
 {<<"recon">>, <<"2F7FCBEC2C35034BADE2F9717F77059DC54EB4E929A3049CA7BA6775C0BD66CD">>},
 {<<"riak_core">>, <<"9259EFBFE149D8F297230857768BC01CFA2D2090889D85A2B893191680489550">>},
 {<<"riak_core_lite_util">>, <<"8D9C05421A961700B9A97D67591D7B2D3FD7CFC0F4F6A0DF8CE7A687F6EADAAD">>}]},
{pkg_hash_ext,[
 {<<"poolboy">>, <<"DAD79704CE5440F3D5A3681C8590B9DC25D1A561E8F5A9C995281012860901E3">>},
 {<<"ranch">>, <<"451D8527787DF716D99DC36162FCA05934915DB0B6141BBDAC2EA8D3C7AFC7D7">>},
 {<<"recon">>, <<"72F3840FEDD94F06315C523F6CECF5B4827233BED7AE3FE135B2A0EBEAB5E196">>},
 {<<"riak_core">>, <<"ACE10859D8FC2AF6CFC25FF4343488A5EF64ABAABBB2EAAE63DB7575DCBDF21E">>},
 {<<"riak_core_lite_util">>, <<"B481D064EBFC3536A51DD412E356B7121CB2FE16B78349B98B65DE73D425E15E">>}]}
].
